
Microsoft Visual Studio Solution File, Format Version 12.00
# Visual Studio Version 16
VisualStudioVersion = 16.0.32901.82
MinimumVisualStudioVersion = 10.0.40219.1
Project("{9A19103F-16F7-4668-BE54-9A1E7A4F7556}") = "AutomationPracticeFramework", "AutomationPracticeFramework\AutomationPracticeFramework.csproj", "{1452F8D8-0047-444C-AE63-81F77722CBBC}"
EndProject
Global
	GlobalSection(SolutionConfigurationPlatforms) = preSolution
		Debug|Any CPU = Debug|Any CPU
		Release|Any CPU = Release|Any CPU
	EndGlobalSection
	GlobalSection(ProjectConfigurationPlatforms) = postSolution
		{1452F8D8-0047-444C-AE63-81F77722CBBC}.Debug|Any CPU.ActiveCfg = Debug|Any CPU
		{1452F8D8-0047-444C-AE63-81F77722CBBC}.Debug|Any CPU.Build.0 = Debug|Any CPU
		{1452F8D8-0047-444C-AE63-81F77722CBBC}.Release|Any CPU.ActiveCfg = Release|Any CPU
		{1452F8D8-0047-444C-AE63-81F77722CBBC}.Release|Any CPU.Build.0 = Release|Any CPU
	EndGlobalSection
	GlobalSection(SolutionProperties) = preSolution
		HideSolutionNode = FALSE
	EndGlobalSection
	GlobalSection(ExtensibilityGlobals) = postSolution
		SolutionGuid = {466F3EBE-EA5A-4066-9D20-0545CCA74AF7}
	EndGlobalSection
EndGlobal
